
Microsoft Visual Studio Solution File, Format Version 12.00
# Visual Studio 15
VisualStudioVersion = 15.0.28010.2019
MinimumVisualStudioVersion = 10.0.40219.1
Project("{888888A0-9F3D-457C-B088-3A5042F75D52}") = "JMS_GUI", "JMS_GUI\JMS_GUI.pyproj", "{4819987B-765D-44A3-9EF8-EFEF111C1E25}"
EndProject
Global
	GlobalSection(SolutionConfigurationPlatforms) = preSolution
		Debug|Any CPU = Debug|Any CPU
		Release|Any CPU = Release|Any CPU
	EndGlobalSection
	GlobalSection(ProjectConfigurationPlatforms) = postSolution
		{4819987B-765D-44A3-9EF8-EFEF111C1E25}.Debug|Any CPU.ActiveCfg = Debug|Any CPU
		{4819987B-765D-44A3-9EF8-EFEF111C1E25}.Release|Any CPU.ActiveCfg = Release|Any CPU
	EndGlobalSection
	GlobalSection(SolutionProperties) = preSolution
		HideSolutionNode = FALSE
	EndGlobalSection
	GlobalSection(ExtensibilityGlobals) = postSolution
		SolutionGuid = {C8875689-3883-4E7B-B660-5323B0DAE8F8}
	EndGlobalSection
EndGlobal
